{
  "nodes": {
    "deploy-rs": {
      "inputs": {
        "flake-compat": "flake-compat",
        "nixpkgs": [
          "nixpkgs"
        ],
        "utils": "utils"
      },
      "locked": {
        "lastModified": 1711973905,
        "narHash": "sha256-UFKME/N1pbUtn+2Aqnk+agUt8CekbpuqwzljivfIme8=",
        "owner": "serokell",
        "repo": "deploy-rs",
        "rev": "88b3059b020da69cbe16526b8d639bd5e0b51c8b",
        "type": "github"
      },
      "original": {
        "owner": "serokell",
        "repo": "deploy-rs",
        "type": "github"
      }
    },
    "disko": {
      "inputs": {
        "nixpkgs": [
          "nixpkgs"
        ]
      },
      "locked": {
        "lastModified": 1715217706,
        "narHash": "sha256-yEB5SEHc+o3WJpUPw455OdLy9A+gffvCJX8DZ7NCkuo=",
        "owner": "nix-community",
        "repo": "disko",
        "rev": "8eb1b315eef89f3bdc5c9814d1b207c6d64f0046",
        "type": "github"
      },
      "original": {
        "owner": "nix-community",
        "repo": "disko",
        "type": "github"
      }
    },
    "firefox-addons": {
      "inputs": {
        "flake-utils": "flake-utils",
        "nixpkgs": [
          "nixpkgs"
        ]
      },
      "locked": {
        "dir": "pkgs/firefox-addons",
        "lastModified": 1715359851,
        "narHash": "sha256-yGdBqEO6kYOYRoDj+l6DGyCYkrX7u2Zi2KulRjq4wws=",
        "owner": "rycee",
        "repo": "nur-expressions",
        "rev": "929f7e7c87912a9b1579eac1bfd96aea37c14b18",
        "type": "gitlab"
      },
      "original": {
        "dir": "pkgs/firefox-addons",
        "owner": "rycee",
        "repo": "nur-expressions",
        "type": "gitlab"
      }
    },
    "flake-compat": {
      "flake": false,
      "locked": {
        "lastModified": 1696426674,
        "narHash": "sha256-kvjfFW7WAETZlt09AgDn1MrtKzP7t90Vf7vypd3OL1U=",
        "owner": "edolstra",
        "repo": "flake-compat",
        "rev": "0f9255e01c2351cc7d116c072cb317785dd33b33",
        "type": "github"
      },
      "original": {
        "owner": "edolstra",
        "repo": "flake-compat",
        "type": "github"
      }
    },
    "flake-utils": {
      "locked": {
        "lastModified": 1629284811,
        "narHash": "sha256-JHgasjPR0/J1J3DRm4KxM4zTyAj4IOJY8vIl75v/kPI=",
        "owner": "numtide",
        "repo": "flake-utils",
        "rev": "c5d161cc0af116a2e17f54316f0bf43f0819785c",
        "type": "github"
      },
      "original": {
        "owner": "numtide",
        "repo": "flake-utils",
        "type": "github"
      }
    },
    "home-manager": {
      "inputs": {
        "nixpkgs": [
          "nixpkgs"
        ]
      },
      "locked": {
        "lastModified": 1715359697,
        "narHash": "sha256-FJYyXqulIbCdsUCTFBTu/bIH4aN+7jzjQAn52Qc6qPg=",
        "owner": "nix-community",
        "repo": "home-manager",
        "rev": "f2c5ba5e720fd584d83f2f97399dac0d26ae60b9",
        "type": "github"
      },
      "original": {
        "owner": "nix-community",
        "repo": "home-manager",
        "type": "github"
      }
    },
    "impermanence": {
      "locked": {
        "lastModified": 1708968331,
        "narHash": "sha256-VUXLaPusCBvwM3zhGbRIJVeYluh2uWuqtj4WirQ1L9Y=",
        "owner": "nix-community",
        "repo": "impermanence",
        "rev": "a33ef102a02ce77d3e39c25197664b7a636f9c30",
        "type": "github"
      },
      "original": {
        "owner": "nix-community",
        "repo": "impermanence",
        "type": "github"
      }
    },
    "nixpkgs": {
      "locked": {
        "lastModified": 1715266358,
        "narHash": "sha256-doPgfj+7FFe9rfzWo1siAV2mVCasW+Bh8I1cToAXEE4=",
        "owner": "nixos",
        "repo": "nixpkgs",
        "rev": "f1010e0469db743d14519a1efd37e23f8513d714",
        "type": "github"
      },
      "original": {
        "owner": "nixos",
        "ref": "nixos-unstable",
        "repo": "nixpkgs",
        "type": "github"
      }
    },
    "nixpkgs-master": {
      "locked": {
        "lastModified": 1715365759,
        "narHash": "sha256-cT1aqBb3mh4IOFkFhcvLa2+GVdWEe1LDB9AhDQejbyc=",
        "owner": "nixos",
        "repo": "nixpkgs",
        "rev": "44615ede3861a0cbfd1353458ba24c073ac5b5a5",
        "type": "github"
      },
      "original": {
        "owner": "nixos",
        "ref": "master",
        "repo": "nixpkgs",
        "type": "github"
      }
    },
    "nur": {
      "locked": {
        "lastModified": 1715366693,
        "narHash": "sha256-/lWCH/zdSDUERVjH2YQc/+he9NyW2p+LkNPRrOJUWco=",
        "owner": "nix-community",
        "repo": "NUR",
        "rev": "b726f9263bd1ff38314ef4e64fbc229487914eb2",
        "type": "github"
      },
      "original": {
        "owner": "nix-community",
        "repo": "NUR",
        "type": "github"
      }
    },
    "persist-retro": {
      "locked": {
        "lastModified": 1709936804,
        "narHash": "sha256-PXLha5hQLAFasIkSO4HJn9/pUbpXo8dtUKuXYYHsh6Y=",
        "owner": "Geometer1729",
        "repo": "persist-retro",
        "rev": "28b016825449dc3f893e0515abfed418baed011f",
        "type": "github"
      },
      "original": {
        "owner": "Geometer1729",
        "repo": "persist-retro",
        "type": "github"
      }
    },
    "root": {
      "inputs": {
        "deploy-rs": "deploy-rs",
        "disko": "disko",
        "firefox-addons": "firefox-addons",
        "home-manager": "home-manager",
        "impermanence": "impermanence",
        "nixpkgs": "nixpkgs",
        "nixpkgs-master": "nixpkgs-master",
        "nur": "nur",
        "persist-retro": "persist-retro",
        "secrets": "secrets"
      }
    },
    "secrets": {
      "locked": {
        "lastModified": 1715798709,
        "narHash": "sha256-e21OY0hN56gxviey5xI5GgySVkL2b16ZyJqy3axpawU=",
        "path": "/persist/secrets",
        "type": "path"
      },
      "original": {
        "path": "/persist/secrets",
        "type": "path"
      }
    },
    "systems": {
      "locked": {
        "lastModified": 1681028828,
        "narHash": "sha256-Vy1rq5AaRuLzOxct8nz4T6wlgyUR7zLU309k9mBC768=",
        "owner": "nix-systems",
        "repo": "default",
        "rev": "da67096a3b9bf56a91d16901293e51ba5b49a27e",
        "type": "github"
      },
      "original": {
        "owner": "nix-systems",
        "repo": "default",
        "type": "github"
      }
    },
    "utils": {
      "inputs": {
        "systems": "systems"
      },
      "locked": {
        "lastModified": 1701680307,
        "narHash": "sha256-kAuep2h5ajznlPMD9rnQyffWG8EM/C73lejGofXvdM8=",
        "owner": "numtide",
        "repo": "flake-utils",
        "rev": "4022d587cbbfd70fe950c1e2083a02621806a725",
        "type": "github"
      },
      "original": {
        "owner": "numtide",
        "repo": "flake-utils",
        "type": "github"
      }
    }
  },
  "root": "root",
  "version": 7
}
