{
  "nodes": {
    "deploy-rs": {
      "inputs": {
        "flake-compat": "flake-compat",
        "nixpkgs": [
          "nixpkgs"
        ],
        "utils": "utils"
      },
      "locked": {
        "lastModified": 1711973905,
        "narHash": "sha256-UFKME/N1pbUtn+2Aqnk+agUt8CekbpuqwzljivfIme8=",
        "owner": "serokell",
        "repo": "deploy-rs",
        "rev": "88b3059b020da69cbe16526b8d639bd5e0b51c8b",
        "type": "github"
      },
      "original": {
        "owner": "serokell",
        "repo": "deploy-rs",
        "type": "github"
      }
    },
    "disko": {
      "inputs": {
        "nixpkgs": [
          "nixpkgs"
        ]
      },
      "locked": {
        "lastModified": 1711934712,
        "narHash": "sha256-sBDe+QmX/QohlnKeSEzrftcXyZL5FY09OMjZ59Rpyy4=",
        "owner": "nix-community",
        "repo": "disko",
        "rev": "611c9ea53250f7bb22286b3d26872280a0e608f9",
        "type": "github"
      },
      "original": {
        "owner": "nix-community",
        "repo": "disko",
        "type": "github"
      }
    },
    "firefox-addons": {
      "inputs": {
        "flake-utils": "flake-utils",
        "nixpkgs": [
          "nixpkgs"
        ]
      },
      "locked": {
        "dir": "pkgs/firefox-addons",
        "lastModified": 1712117116,
        "narHash": "sha256-X87/y0HPrhRuEJKLKun+1P8WnlotykVqdfSiycbPTy8=",
        "owner": "rycee",
        "repo": "nur-expressions",
        "rev": "6715b56592b962c4e1f43ed0b1de36b8e84da1d4",
        "type": "gitlab"
      },
      "original": {
        "dir": "pkgs/firefox-addons",
        "owner": "rycee",
        "repo": "nur-expressions",
        "type": "gitlab"
      }
    },
    "flake-compat": {
      "flake": false,
      "locked": {
        "lastModified": 1696426674,
        "narHash": "sha256-kvjfFW7WAETZlt09AgDn1MrtKzP7t90Vf7vypd3OL1U=",
        "owner": "edolstra",
        "repo": "flake-compat",
        "rev": "0f9255e01c2351cc7d116c072cb317785dd33b33",
        "type": "github"
      },
      "original": {
        "owner": "edolstra",
        "repo": "flake-compat",
        "type": "github"
      }
    },
    "flake-utils": {
      "locked": {
        "lastModified": 1629284811,
        "narHash": "sha256-JHgasjPR0/J1J3DRm4KxM4zTyAj4IOJY8vIl75v/kPI=",
        "owner": "numtide",
        "repo": "flake-utils",
        "rev": "c5d161cc0af116a2e17f54316f0bf43f0819785c",
        "type": "github"
      },
      "original": {
        "owner": "numtide",
        "repo": "flake-utils",
        "type": "github"
      }
    },
    "home-manager": {
      "inputs": {
        "nixpkgs": [
          "nixpkgs"
        ]
      },
      "locked": {
        "lastModified": 1712093955,
        "narHash": "sha256-94I0sXz6fiVBvUAk2tg6t3UpM5rOImj4JTSTNFbg64s=",
        "owner": "nix-community",
        "repo": "home-manager",
        "rev": "80546b220e95a575c66c213af1b09fe255299438",
        "type": "github"
      },
      "original": {
        "owner": "nix-community",
        "repo": "home-manager",
        "type": "github"
      }
    },
    "impermanence": {
      "locked": {
        "lastModified": 1708968331,
        "narHash": "sha256-VUXLaPusCBvwM3zhGbRIJVeYluh2uWuqtj4WirQ1L9Y=",
        "owner": "nix-community",
        "repo": "impermanence",
        "rev": "a33ef102a02ce77d3e39c25197664b7a636f9c30",
        "type": "github"
      },
      "original": {
        "owner": "nix-community",
        "repo": "impermanence",
        "type": "github"
      }
    },
    "nixpkgs": {
      "locked": {
        "lastModified": 1712122226,
        "narHash": "sha256-pmgwKs8Thu1WETMqCrWUm0CkN1nmCKX3b51+EXsAZyY=",
        "owner": "nixos",
        "repo": "nixpkgs",
        "rev": "08b9151ed40350725eb40b1fe96b0b86304a654b",
        "type": "github"
      },
      "original": {
        "owner": "nixos",
        "ref": "nixos-unstable",
        "repo": "nixpkgs",
        "type": "github"
      }
    },
    "nur": {
      "locked": {
        "lastModified": 1712190931,
        "narHash": "sha256-vaOtI+0sK5S3cvF7FxEOV2EpNPs8B8yO1n5eWSi6DxI=",
        "owner": "nix-community",
        "repo": "NUR",
        "rev": "cba5754bf474f13e47fbbea736f473357aac7907",
        "type": "github"
      },
      "original": {
        "owner": "nix-community",
        "repo": "NUR",
        "type": "github"
      }
    },
    "persist-retro": {
      "locked": {
        "lastModified": 1709771975,
        "narHash": "sha256-/f5NywsWTAJ82mYKdjcf/lGWDdPUuEYxvR/ctLU1Xaw=",
        "path": "/home/bbrian/Code/persist-retro",
        "type": "path"
      },
      "original": {
        "path": "/home/bbrian/Code/persist-retro",
        "type": "path"
      }
    },
    "root": {
      "inputs": {
        "deploy-rs": "deploy-rs",
        "disko": "disko",
        "firefox-addons": "firefox-addons",
        "home-manager": "home-manager",
        "impermanence": "impermanence",
        "nixpkgs": "nixpkgs",
        "nur": "nur",
        "persist-retro": "persist-retro",
        "secrets": "secrets"
      }
    },
    "secrets": {
      "locked": {
        "lastModified": 1709168082,
        "narHash": "sha256-GLTVCHf3Bd4AlQHFmtp6hP54m4OEdALt5uvLoagECN8=",
        "path": "/persist/secrets",
        "type": "path"
      },
      "original": {
        "path": "/persist/secrets",
        "type": "path"
      }
    },
    "systems": {
      "locked": {
        "lastModified": 1681028828,
        "narHash": "sha256-Vy1rq5AaRuLzOxct8nz4T6wlgyUR7zLU309k9mBC768=",
        "owner": "nix-systems",
        "repo": "default",
        "rev": "da67096a3b9bf56a91d16901293e51ba5b49a27e",
        "type": "github"
      },
      "original": {
        "owner": "nix-systems",
        "repo": "default",
        "type": "github"
      }
    },
    "utils": {
      "inputs": {
        "systems": "systems"
      },
      "locked": {
        "lastModified": 1701680307,
        "narHash": "sha256-kAuep2h5ajznlPMD9rnQyffWG8EM/C73lejGofXvdM8=",
        "owner": "numtide",
        "repo": "flake-utils",
        "rev": "4022d587cbbfd70fe950c1e2083a02621806a725",
        "type": "github"
      },
      "original": {
        "owner": "numtide",
        "repo": "flake-utils",
        "type": "github"
      }
    }
  },
  "root": "root",
  "version": 7
}
